// !$*UTF8*$!
{
	archiveVersion = 1;
	classes = {
	};
	objectVersion = 46;
	objects = {

/* Begin PBXBuildFile section */
		18CCA4CE1E7F73A20091201C /* AppDelegate.swift in Sources */ = {isa = PBXBuildFile; fileRef = 18CCA4CD1E7F73A20091201C /* AppDelegate.swift */; };
		18CCA4D01E7F73A20091201C /* ViewController.swift in Sources */ = {isa = PBXBuildFile; fileRef = 18CCA4CF1E7F73A20091201C /* ViewController.swift */; };
		18CCA4D31E7F73A20091201C /* Main.storyboard in Resources */ = {isa = PBXBuildFile; fileRef = 18CCA4D11E7F73A20091201C /* Main.storyboard */; };
		18CCA4D51E7F73A20091201C /* Assets.xcassets in Resources */ = {isa = PBXBuildFile; fileRef = 18CCA4D41E7F73A20091201C /* Assets.xcassets */; };
		18CCA4D81E7F73A20091201C /* LaunchScreen.storyboard in Resources */ = {isa = PBXBuildFile; fileRef = 18CCA4D61E7F73A20091201C /* LaunchScreen.storyboard */; };
/* End PBXBuildFile section */

/* Begin PBXFileReference section */
		18CCA4CA1E7F73A10091201C /* FKPageScrollView.app */ = {isa = PBXFileReference; explicitFileType = wrapper.application; includeInIndex = 0; path = FKPageScrollView.app; sourceTree = BUILT_PRODUCTS_DIR; };
		18CCA4CD1E7F73A20091201C /* AppDelegate.swift */ = {isa = PBXFileReference; lastKnownFileType = sourcecode.swift; path = AppDelegate.swift; sourceTree = "<group>"; };
		18CCA4CF1E7F73A20091201C /* ViewController.swift */ = {isa = PBXFileReference; lastKnownFileType = sourcecode.swift; path = ViewController.swift; sourceTree = "<group>"; };
		18CCA4D21E7F73A20091201C /* Base */ = {isa = PBXFileReference; lastKnownFileType = file.storyboard; name = Base; path = Base.lproj/Main.storyboard; sourceTree = "<group>"; };
		18CCA4D41E7F73A20091201C /* Assets.xcassets */ = {isa = PBXFileReference; lastKnownFileType = folder.assetcatalog; path = Assets.xcassets; sourceTree = "<group>"; };
		18CCA4D71E7F73A20091201C /* Base */ = {isa = PBXFileReference; lastKnownFileType = file.storyboard; name = Base; path = Base.lproj/LaunchScreen.storyboard; sourceTree = "<group>"; };
		18CCA4D91E7F73A20091201C /* Info.plist */ = {isa = PBXFileReference; lastKnownFileType = text.plist.xml; path = Info.plist; sourceTree = "<group>"; };
/* End PBXFileReference section */

/* Begin PBXFrameworksBuildPhase section */
		18CCA4C71E7F73A10091201C /* Frameworks */ = {
			isa = PBXFrameworksBuildPhase;
			buildActionMask = 2147483647;
			files = (
			);
			runOnlyForDeploymentPostprocessing = 0;
		};
/* End PBXFrameworksBuildPhase section */

/* Begin PBXGroup section */
		18CCA4C11E7F73A10091201C = {
			isa = PBXGroup;
			children = (
				18CCA4CC1E7F73A10091201C /* FKPageScrollView */,
				18CCA4CB1E7F73A10091201C /* Products */,
			);
			sourceTree = "<group>";
		};
		18CCA4CB1E7F73A10091201C /* Products */ = {
			isa = PBXGroup;
			children = (
				18CCA4CA1E7F73A10091201C /* FKPageScrollView.app */,
			);
			name = Products;
			sourceTree = "<group>";
		};
		18CCA4CC1E7F73A10091201C /* FKPageScrollView */ = {
			isa = PBXGroup;
			children = (
				18CCA4CD1E7F73A20091201C /* AppDelegate.swift */,
				18CCA4CF1E7F73A20091201C /* ViewController.swift */,
				18CCA4D11E7F73A20091201C /* Main.storyboard */,
				18CCA4D41E7F73A20091201C /* Assets.xcassets */,
				18CCA4D61E7F73A20091201C /* LaunchScreen.storyboard */,
				18CCA4D91E7F73A20091201C /* Info.plist */,
			);
			path = FKPageScrollView;
			sourceTree = "<group>";
		};
/* End PBXGroup section */

/* Begin PBXNativeTarget section */
		18CCA4C91E7F73A10091201C /* FKPageScrollView */ = {
			isa = PBXNativeTarget;
			buildConfigurationList = 18CCA4DC1E7F73A20091201C /* Build configuration list for PBXNativeTarget "FKPageScrollView" */;
			buildPhases = (
				18CCA4C61E7F73A10091201C /* Sources */,
				18CCA4C71E7F73A10091201C /* Frameworks */,
				18CCA4C81E7F73A10091201C /* Resources */,
			);
			buildRules = (
			);
			dependencies = (
			);
			name = FKPageScrollView;
			productName = FKPageScrollView;
			productReference = 18CCA4CA1E7F73A10091201C /* FKPageScrollView.app */;
			productType = "com.apple.product-type.application";
		};
/* End PBXNativeTarget section */

/* Begin PBXProject section */
		18CCA4C21E7F73A10091201C /* Project object */ = {
			isa = PBXProject;
			attributes = {
				LastSwiftUpdateCheck = 0820;
				LastUpgradeCheck = 0820;
				ORGANIZATIONNAME = admin;
				TargetAttributes = {
					18CCA4C91E7F73A10091201C = {
						CreatedOnToolsVersion = 8.2.1;
						DevelopmentTeam = G585J4946N;
						ProvisioningStyle = Automatic;
					};
				};
			};
			buildConfigurationList = 18CCA4C51E7F73A10091201C /* Build configuration list for PBXProject "FKPageScrollView" */;
			compatibilityVersion = "Xcode 3.2";
			developmentRegion = English;
			hasScannedForEncodings = 0;
			knownRegions = (
				en,
				Base,
			);
			mainGroup = 18CCA4C11E7F73A10091201C;
			productRefGroup = 18CCA4CB1E7F73A10091201C /* Products */;
			projectDirPath = "";
			projectRoot = "";
			targets = (
				18CCA4C91E7F73A10091201C /* FKPageScrollView */,
			);
		};
/* End PBXProject section */

/* Begin PBXResourcesBuildPhase section */
		18CCA4C81E7F73A10091201C /* Resources */ = {
			isa = PBXResourcesBuildPhase;
			buildActionMask = 2147483647;
			files = (
				18CCA4D81E7F73A20091201C /* LaunchScreen.storyboard in Resources */,
				18CCA4D51E7F73A20091201C /* Assets.xcassets in Resources */,
				18CCA4D31E7F73A20091201C /* Main.storyboard in Resources */,
			);
			runOnlyForDeploymentPostprocessing = 0;
		};
/* End PBXResourcesBuildPhase section */

/* Begin PBXSourcesBuildPhase section */
		18CCA4C61E7F73A10091201C /* Sources */ = {
			isa = PBXSourcesBuildPhase;
			buildActionMask = 2147483647;
			files = (
				18CCA4D01E7F73A20091201C /* ViewController.swift in Sources */,
				18CCA4CE1E7F73A20091201C /* AppDelegate.swift in Sources */,
			);
			runOnlyForDeploymentPostprocessing = 0;
		};
/* End PBXSourcesBuildPhase section */

/* Begin PBXVariantGroup section */
		18CCA4D11E7F73A20091201C /* Main.storyboard */ = {
			isa = PBXVariantGroup;
			children = (
				18CCA4D21E7F73A20091201C /* Base */,
			);
			name = Main.storyboard;
			sourceTree = "<group>";
		};
		18CCA4D61E7F73A20091201C /* LaunchScreen.storyboard */ = {
			isa = PBXVariantGroup;
			children = (
				18CCA4D71E7F73A20091201C /* Base */,
			);
			name = LaunchScreen.storyboard;
			sourceTree = "<group>";
		};
/* End PBXVariantGroup section */

/* Begin XCBuildConfiguration section */
		18CCA4DA1E7F73A20091201C /* Debug */ = {
			isa = XCBuildConfiguration;
			buildSettings = {
				ALWAYS_SEARCH_USER_PATHS = NO;
				CLANG_ANALYZER_NONNULL = YES;
				CLANG_CXX_LANGUAGE_STANDARD = "gnu++0x";
				CLANG_CXX_LIBRARY = "libc++";
				CLANG_ENABLE_MODULES = YES;
				CLANG_ENABLE_OBJC_ARC = YES;
				CLANG_WARN_BOOL_CONVERSION = YES;
				CLANG_WARN_CONSTANT_CONVERSION = YES;
				CLANG_WARN_DIRECT_OBJC_ISA_USAGE = YES_ERROR;
				CLANG_WARN_DOCUMENTATION_COMMENTS = YES;
				CLANG_WARN_EMPTY_BODY = YES;
				CLANG_WARN_ENUM_CONVERSION = YES;
				CLANG_WARN_INFINITE_RECURSION = YES;
				CLANG_WARN_INT_CONVERSION = YES;
				CLANG_WARN_OBJC_ROOT_CLASS = YES_ERROR;
				CLANG_WARN_SUSPICIOUS_MOVE = YES;
				CLANG_WARN_UNREACHABLE_CODE = YES;
				CLANG_WARN__DUPLICATE_METHOD_MATCH = YES;
				"CODE_SIGN_IDENTITY[sdk=iphoneos*]" = "iPhone Developer";
				COPY_PHASE_STRIP = NO;
				DEBUG_INFORMATION_FORMAT = dwarf;
				ENABLE_STRICT_OBJC_MSGSEND = YES;
				ENABLE_TESTABILITY = YES;
				GCC_C_LANGUAGE_STANDARD = gnu99;
				GCC_DYNAMIC_NO_PIC = NO;
				GCC_NO_COMMON_BLOCKS = YES;
				GCC_OPTIMIZATION_LEVEL = 0;
				GCC_PREPROCESSOR_DEFINITIONS = (
					"DEBUG=1",
					"$(inherited)",
				);
				GCC_WARN_64_TO_32_BIT_CONVERSION = YES;
				GCC_WARN_ABOUT_RETURN_TYPE = YES_ERROR;
				GCC_WARN_UNDECLARED_SELECTOR = YES;
				GCC_WARN_UNINITIALIZED_AUTOS = YES_AGGRESSIVE;
				GCC_WARN_UNUSED_FUNCTION = YES;
				GCC_WARN_UNUSED_VARIABLE = YES;
				IPHONEOS_DEPLOYMENT_TARGET = 10.2;
				MTL_ENABLE_DEBUG_INFO = YES;
				ONLY_ACTIVE_ARCH = YES;
				SDKROOT = iphoneos;
				SWIFT_ACTIVE_COMPILATION_CONDITIONS = DEBUG;
				SWIFT_OPTIMIZATION_LEVEL = "-Onone";
			};
			name = Debug;
		};
		18CCA4DB1E7F73A20091201C /* Release */ = {
			isa = XCBuildConfiguration;
			buildSettings = {
				ALWAYS_SEARCH_USER_PATHS = NO;
				CLANG_ANALYZER_NONNULL = YES;
				CLANG_CXX_LANGUAGE_STANDARD = "gnu++0x";
				CLANG_CXX_LIBRARY = "libc++";
				CLANG_ENABLE_MODULES = YES;
				CLANG_ENABLE_OBJC_ARC = YES;
				CLANG_WARN_BOOL_CONVERSION = YES;
				CLANG_WARN_CONSTANT_CONVERSION = YES;
				CLANG_WARN_DIRECT_OBJC_ISA_USAGE = YES_ERROR;
				CLANG_WARN_DOCUMENTATION_COMMENTS = YES;
				CLANG_WARN_EMPTY_BODY = YES;
				CLANG_WARN_ENUM_CONVERSION = YES;
				CLANG_WARN_INFINITE_RECURSION = YES;
				CLANG_WARN_INT_CONVERSION = YES;
				CLANG_WARN_OBJC_ROOT_CLASS = YES_ERROR;
				CLANG_WARN_SUSPICIOUS_MOVE = YES;
				CLANG_WARN_UNREACHABLE_CODE = YES;
				CLANG_WARN__DUPLICATE_METHOD_MATCH = YES;
				"CODE_SIGN_IDENTITY[sdk=iphoneos*]" = "iPhone Developer";
				COPY_PHASE_STRIP = NO;
				DEBUG_INFORMATION_FORMAT = "dwarf-with-dsym";
				ENABLE_NS_ASSERTIONS = NO;
				ENABLE_STRICT_OBJC_MSGSEND = YES;
				GCC_C_LANGUAGE_STANDARD = gnu99;
				GCC_NO_COMMON_BLOCKS = YES;
				GCC_WARN_64_TO_32_BIT_CONVERSION = YES;
				GCC_WARN_ABOUT_RETURN_TYPE = YES_ERROR;
				GCC_WARN_UNDECLARED_SELECTOR = YES;
				GCC_WARN_UNINITIALIZED_AUTOS = YES_AGGRESSIVE;
				GCC_WARN_UNUSED_FUNCTION = YES;
				GCC_WARN_UNUSED_VARIABLE = YES;
				IPHONEOS_DEPLOYMENT_TARGET = 10.2;
				MTL_ENABLE_DEBUG_INFO = NO;
				SDKROOT = iphoneos;
				SWIFT_OPTIMIZATION_LEVEL = "-Owholemodule";
				VALIDATE_PRODUCT = YES;
			};
			name = Release;
		};
		18CCA4DD1E7F73A20091201C /* Debug */ = {
			isa = XCBuildConfiguration;
			buildSettings = {
				ASSETCATALOG_COMPILER_APPICON_NAME = AppIcon;
				DEVELOPMENT_TEAM = G585J4946N;
				INFOPLIST_FILE = FKPageScrollView/Info.plist;
				LD_RUNPATH_SEARCH_PATHS = "$(inherited) @executable_path/Frameworks";
				PRODUCT_BUNDLE_IDENTIFIER = admin.FKPageScrollView;
				PRODUCT_NAME = "$(TARGET_NAME)";
				SWIFT_VERSION = 3.0;
			};
			name = Debug;
		};
		18CCA4DE1E7F73A20091201C /* Release */ = {
			isa = XCBuildConfiguration;
			buildSettings = {
				ASSETCATALOG_COMPILER_APPICON_NAME = AppIcon;
				DEVELOPMENT_TEAM = G585J4946N;
				INFOPLIST_FILE = FKPageScrollView/Info.plist;
				LD_RUNPATH_SEARCH_PATHS = "$(inherited) @executable_path/Frameworks";
				PRODUCT_BUNDLE_IDENTIFIER = admin.FKPageScrollView;
				PRODUCT_NAME = "$(TARGET_NAME)";
				SWIFT_VERSION = 3.0;
			};
			name = Release;
		};
/* End XCBuildConfiguration section */

/* Begin XCConfigurationList section */
		18CCA4C51E7F73A10091201C /* Build configuration list for PBXProject "FKPageScrollView" */ = {
			isa = XCConfigurationList;
			buildConfigurations = (
				18CCA4DA1E7F73A20091201C /* Debug */,
				18CCA4DB1E7F73A20091201C /* Release */,
			);
			defaultConfigurationIsVisible = 0;
			defaultConfigurationName = Release;
		};
		18CCA4DC1E7F73A20091201C /* Build configuration list for PBXNativeTarget "FKPageScrollView" */ = {
			isa = XCConfigurationList;
			buildConfigurations = (
				18CCA4DD1E7F73A20091201C /* Debug */,
				18CCA4DE1E7F73A20091201C /* Release */,
			);
			defaultConfigurationIsVisible = 0;
		};
/* End XCConfigurationList section */
	};
	rootObject = 18CCA4C21E7F73A10091201C /* Project object */;
}
